
Microsoft Visual Studio Solution File, Format Version 12.00
# Visual Studio 15
VisualStudioVersion = 15.0.27130.0
MinimumVisualStudioVersion = 10.0.40219.1
Project("{FAE04EC0-301F-11D3-BF4B-00C04F79EFBC}") = "TicketyTac", "TicketyTac\TicketyTac.csproj", "{F17E198D-F054-48C2-A10A-B99F0F3392CE}"
EndProject
Global
	GlobalSection(SolutionConfigurationPlatforms) = preSolution
		Debug|Any CPU = Debug|Any CPU
		Release|Any CPU = Release|Any CPU
	EndGlobalSection
	GlobalSection(ProjectConfigurationPlatforms) = postSolution
		{F17E198D-F054-48C2-A10A-B99F0F3392CE}.Debug|Any CPU.ActiveCfg = Debug|Any CPU
		{F17E198D-F054-48C2-A10A-B99F0F3392CE}.Debug|Any CPU.Build.0 = Debug|Any CPU
		{F17E198D-F054-48C2-A10A-B99F0F3392CE}.Release|Any CPU.ActiveCfg = Release|Any CPU
		{F17E198D-F054-48C2-A10A-B99F0F3392CE}.Release|Any CPU.Build.0 = Release|Any CPU
	EndGlobalSection
	GlobalSection(SolutionProperties) = preSolution
		HideSolutionNode = FALSE
	EndGlobalSection
	GlobalSection(ExtensibilityGlobals) = postSolution
		SolutionGuid = {3124C255-F7EB-4CBF-B472-9315BF64C774}
	EndGlobalSection
EndGlobal
